
Microsoft Visual Studio Solution File, Format Version 12.00
# Visual Studio Version 17
VisualStudioVersion = 17.8.34525.116
MinimumVisualStudioVersion = 10.0.40219.1
Project("{FAE04EC0-301F-11D3-BF4B-00C04F79EFBC}") = "usov_402_pr1", "usov_402_pr1.csproj", "{AE044C04-4EBD-4C57-949B-7A9FD40E4658}"
EndProject
Global
	GlobalSection(SolutionConfigurationPlatforms) = preSolution
		Debug|Any CPU = Debug|Any CPU
		Release|Any CPU = Release|Any CPU
	EndGlobalSection
	GlobalSection(ProjectConfigurationPlatforms) = postSolution
		{AE044C04-4EBD-4C57-949B-7A9FD40E4658}.Debug|Any CPU.ActiveCfg = Debug|Any CPU
		{AE044C04-4EBD-4C57-949B-7A9FD40E4658}.Debug|Any CPU.Build.0 = Debug|Any CPU
		{AE044C04-4EBD-4C57-949B-7A9FD40E4658}.Release|Any CPU.ActiveCfg = Release|Any CPU
		{AE044C04-4EBD-4C57-949B-7A9FD40E4658}.Release|Any CPU.Build.0 = Release|Any CPU
	EndGlobalSection
	GlobalSection(SolutionProperties) = preSolution
		HideSolutionNode = FALSE
	EndGlobalSection
	GlobalSection(ExtensibilityGlobals) = postSolution
		SolutionGuid = {8A94A619-13E5-4058-B3C5-D3F4245CAF8B}
	EndGlobalSection
EndGlobal
